
Microsoft Visual Studio Solution File, Format Version 12.00
# Visual Studio 14
VisualStudioVersion = 14.0.25420.1
MinimumVisualStudioVersion = 10.0.40219.1
Project("{FAE04EC0-301F-11D3-BF4B-00C04F79EFBC}") = "KenticoCloud.Engage", "KenticoCloud.Engage\KenticoCloud.Engage.csproj", "{AB73184A-65E6-4E1C-BE30-F320030A5780}"
EndProject
Project("{FAE04EC0-301F-11D3-BF4B-00C04F79EFBC}") = "KenticoCloud.Engage.Tests", "KenticoCloud.Engage.Tests\KenticoCloud.Engage.Tests.csproj", "{55F73AFD-5D55-4500-9EB9-35F92A4151C2}"
EndProject
Project("{FAE04EC0-301F-11D3-BF4B-00C04F79EFBC}") = "KenticoCloud.Engage.MVC", "KenticoCloud.Engage.MVC\KenticoCloud.Engage.MVC.csproj", "{124D278A-D03A-484A-922C-6E164E528A86}"
EndProject
Global
	GlobalSection(SolutionConfigurationPlatforms) = preSolution
		Debug|Any CPU = Debug|Any CPU
		Release|Any CPU = Release|Any CPU
	EndGlobalSection
	GlobalSection(ProjectConfigurationPlatforms) = postSolution
		{AB73184A-65E6-4E1C-BE30-F320030A5780}.Debug|Any CPU.ActiveCfg = Debug|Any CPU
		{AB73184A-65E6-4E1C-BE30-F320030A5780}.Debug|Any CPU.Build.0 = Debug|Any CPU
		{AB73184A-65E6-4E1C-BE30-F320030A5780}.Release|Any CPU.ActiveCfg = Release|Any CPU
		{AB73184A-65E6-4E1C-BE30-F320030A5780}.Release|Any CPU.Build.0 = Release|Any CPU
		{55F73AFD-5D55-4500-9EB9-35F92A4151C2}.Debug|Any CPU.ActiveCfg = Debug|Any CPU
		{55F73AFD-5D55-4500-9EB9-35F92A4151C2}.Debug|Any CPU.Build.0 = Debug|Any CPU
		{55F73AFD-5D55-4500-9EB9-35F92A4151C2}.Release|Any CPU.ActiveCfg = Release|Any CPU
		{55F73AFD-5D55-4500-9EB9-35F92A4151C2}.Release|Any CPU.Build.0 = Release|Any CPU
		{124D278A-D03A-484A-922C-6E164E528A86}.Debug|Any CPU.ActiveCfg = Debug|Any CPU
		{124D278A-D03A-484A-922C-6E164E528A86}.Debug|Any CPU.Build.0 = Debug|Any CPU
		{124D278A-D03A-484A-922C-6E164E528A86}.Release|Any CPU.ActiveCfg = Release|Any CPU
		{124D278A-D03A-484A-922C-6E164E528A86}.Release|Any CPU.Build.0 = Release|Any CPU
	EndGlobalSection
	GlobalSection(SolutionProperties) = preSolution
		HideSolutionNode = FALSE
	EndGlobalSection
EndGlobal
